
Microsoft Visual Studio Solution File, Format Version 12.00
# Visual Studio Version 17
VisualStudioVersion = 17.5.002.0
MinimumVisualStudioVersion = 10.0.40219.1
Project("{9A19103F-16F7-4668-BE54-9A1E7A4F7556}") = "PlaywrightPOM", "PlaywrightPOM.csproj", "{37297200-495B-44B0-A94A-EC1CB2378096}"
EndProject
Global
	GlobalSection(SolutionConfigurationPlatforms) = preSolution
		Debug|Any CPU = Debug|Any CPU
		Release|Any CPU = Release|Any CPU
	EndGlobalSection
	GlobalSection(ProjectConfigurationPlatforms) = postSolution
		{37297200-495B-44B0-A94A-EC1CB2378096}.Debug|Any CPU.ActiveCfg = Debug|Any CPU
		{37297200-495B-44B0-A94A-EC1CB2378096}.Debug|Any CPU.Build.0 = Debug|Any CPU
		{37297200-495B-44B0-A94A-EC1CB2378096}.Release|Any CPU.ActiveCfg = Release|Any CPU
		{37297200-495B-44B0-A94A-EC1CB2378096}.Release|Any CPU.Build.0 = Release|Any CPU
	EndGlobalSection
	GlobalSection(SolutionProperties) = preSolution
		HideSolutionNode = FALSE
	EndGlobalSection
	GlobalSection(ExtensibilityGlobals) = postSolution
		SolutionGuid = {8510A89B-2FDE-439A-B8B9-FA3375B7EDB0}
	EndGlobalSection
EndGlobal
